
Microsoft Visual Studio Solution File, Format Version 12.00
# Visual Studio Version 17
VisualStudioVersion = 17.0.32014.148
MinimumVisualStudioVersion = 10.0.40219.1
Project("{FAE04EC0-301F-11D3-BF4B-00C04F79EFBC}") = "bankaotomasyon", "bankaotomasyon.csproj", "{A7F595FD-A2C5-45D1-961F-52E5323D1B00}"
EndProject
Global
	GlobalSection(SolutionConfigurationPlatforms) = preSolution
		Debug|Any CPU = Debug|Any CPU
		Release|Any CPU = Release|Any CPU
	EndGlobalSection
	GlobalSection(ProjectConfigurationPlatforms) = postSolution
		{A7F595FD-A2C5-45D1-961F-52E5323D1B00}.Debug|Any CPU.ActiveCfg = Debug|Any CPU
		{A7F595FD-A2C5-45D1-961F-52E5323D1B00}.Debug|Any CPU.Build.0 = Debug|Any CPU
		{A7F595FD-A2C5-45D1-961F-52E5323D1B00}.Release|Any CPU.ActiveCfg = Release|Any CPU
		{A7F595FD-A2C5-45D1-961F-52E5323D1B00}.Release|Any CPU.Build.0 = Release|Any CPU
	EndGlobalSection
	GlobalSection(SolutionProperties) = preSolution
		HideSolutionNode = FALSE
	EndGlobalSection
	GlobalSection(ExtensibilityGlobals) = postSolution
		SolutionGuid = {6566D931-89CF-4C56-ABB0-A0271F662399}
	EndGlobalSection
EndGlobal
